// !$*UTF8*$!
{
	archiveVersion = 1;
	classes = {
	};
	objectVersion = 55;
	objects = {

/* Begin PBXBuildFile section */
		1963A5B5272B165900779BE4 /* planets.cpp in Sources */ = {isa = PBXBuildFile; fileRef = 1963A5B3272B165900779BE4 /* planets.cpp */; };
		19BBC11227289A2900190072 /* OpenGL.framework in Frameworks */ = {isa = PBXBuildFile; fileRef = 19BBC11127289A2900190072 /* OpenGL.framework */; };
		19BBC11427289A2F00190072 /* GLUT.framework in Frameworks */ = {isa = PBXBuildFile; fileRef = 19BBC11327289A2F00190072 /* GLUT.framework */; };
		19BBC11A27289ABA00190072 /* center_of_rotation.cpp in Sources */ = {isa = PBXBuildFile; fileRef = 19BBC11827289ABA00190072 /* center_of_rotation.cpp */; };
/* End PBXBuildFile section */

/* Begin PBXCopyFilesBuildPhase section */
		19BBC10427289A1C00190072 /* CopyFiles */ = {
			isa = PBXCopyFilesBuildPhase;
			buildActionMask = 2147483647;
			dstPath = /usr/share/man/man1/;
			dstSubfolderSpec = 0;
			files = (
			);
			runOnlyForDeploymentPostprocessing = 1;
		};
/* End PBXCopyFilesBuildPhase section */

/* Begin PBXFileReference section */
		1963A5B3272B165900779BE4 /* planets.cpp */ = {isa = PBXFileReference; lastKnownFileType = sourcecode.cpp.cpp; path = planets.cpp; sourceTree = "<group>"; };
		1963A5B4272B165900779BE4 /* planets.hpp */ = {isa = PBXFileReference; lastKnownFileType = sourcecode.cpp.h; path = planets.hpp; sourceTree = "<group>"; };
		1963A5B6272B175200779BE4 /* colors.h */ = {isa = PBXFileReference; lastKnownFileType = sourcecode.c.h; path = colors.h; sourceTree = "<group>"; };
		19BBC10627289A1C00190072 /* planet_rotation */ = {isa = PBXFileReference; explicitFileType = "compiled.mach-o.executable"; includeInIndex = 0; path = planet_rotation; sourceTree = BUILT_PRODUCTS_DIR; };
		19BBC11127289A2900190072 /* OpenGL.framework */ = {isa = PBXFileReference; lastKnownFileType = wrapper.framework; name = OpenGL.framework; path = System/Library/Frameworks/OpenGL.framework; sourceTree = SDKROOT; };
		19BBC11327289A2F00190072 /* GLUT.framework */ = {isa = PBXFileReference; lastKnownFileType = wrapper.framework; name = GLUT.framework; path = System/Library/Frameworks/GLUT.framework; sourceTree = SDKROOT; };
		19BBC11527289A6A00190072 /* glPlatform.h */ = {isa = PBXFileReference; lastKnownFileType = sourcecode.c.h; path = glPlatform.h; sourceTree = "<group>"; };
		19BBC11827289ABA00190072 /* center_of_rotation.cpp */ = {isa = PBXFileReference; lastKnownFileType = sourcecode.cpp.cpp; path = center_of_rotation.cpp; sourceTree = "<group>"; };
/* End PBXFileReference section */

/* Begin PBXFrameworksBuildPhase section */
		19BBC10327289A1C00190072 /* Frameworks */ = {
			isa = PBXFrameworksBuildPhase;
			buildActionMask = 2147483647;
			files = (
				19BBC11427289A2F00190072 /* GLUT.framework in Frameworks */,
				19BBC11227289A2900190072 /* OpenGL.framework in Frameworks */,
			);
			runOnlyForDeploymentPostprocessing = 0;
		};
/* End PBXFrameworksBuildPhase section */

/* Begin PBXGroup section */
		19BBC0FD27289A1C00190072 = {
			isa = PBXGroup;
			children = (
				19BBC10827289A1C00190072 /* planet_rotation */,
				19BBC10727289A1C00190072 /* Products */,
				19BBC11027289A2900190072 /* Frameworks */,
			);
			sourceTree = "<group>";
		};
		19BBC10727289A1C00190072 /* Products */ = {
			isa = PBXGroup;
			children = (
				19BBC10627289A1C00190072 /* planet_rotation */,
			);
			name = Products;
			sourceTree = "<group>";
		};
		19BBC10827289A1C00190072 /* planet_rotation */ = {
			isa = PBXGroup;
			children = (
				1963A5B6272B175200779BE4 /* colors.h */,
				19BBC11527289A6A00190072 /* glPlatform.h */,
				1963A5B4272B165900779BE4 /* planets.hpp */,
				1963A5B3272B165900779BE4 /* planets.cpp */,
				19BBC11827289ABA00190072 /* center_of_rotation.cpp */,
			);
			path = planet_rotation;
			sourceTree = "<group>";
		};
		19BBC11027289A2900190072 /* Frameworks */ = {
			isa = PBXGroup;
			children = (
				19BBC11327289A2F00190072 /* GLUT.framework */,
				19BBC11127289A2900190072 /* OpenGL.framework */,
			);
			name = Frameworks;
			sourceTree = "<group>";
		};
/* End PBXGroup section */

/* Begin PBXNativeTarget section */
		19BBC10527289A1C00190072 /* planet_rotation */ = {
			isa = PBXNativeTarget;
			buildConfigurationList = 19BBC10D27289A1C00190072 /* Build configuration list for PBXNativeTarget "planet_rotation" */;
			buildPhases = (
				19BBC10227289A1C00190072 /* Sources */,
				19BBC10327289A1C00190072 /* Frameworks */,
				19BBC10427289A1C00190072 /* CopyFiles */,
			);
			buildRules = (
			);
			dependencies = (
			);
			name = planet_rotation;
			productName = planet_rotation;
			productReference = 19BBC10627289A1C00190072 /* planet_rotation */;
			productType = "com.apple.product-type.tool";
		};
/* End PBXNativeTarget section */

/* Begin PBXProject section */
		19BBC0FE27289A1C00190072 /* Project object */ = {
			isa = PBXProject;
			attributes = {
				BuildIndependentTargetsInParallel = 1;
				LastUpgradeCheck = 1300;
				TargetAttributes = {
					19BBC10527289A1C00190072 = {
						CreatedOnToolsVersion = 13.0;
					};
				};
			};
			buildConfigurationList = 19BBC10127289A1C00190072 /* Build configuration list for PBXProject "planet_rotation" */;
			compatibilityVersion = "Xcode 13.0";
			developmentRegion = en;
			hasScannedForEncodings = 0;
			knownRegions = (
				en,
				Base,
			);
			mainGroup = 19BBC0FD27289A1C00190072;
			productRefGroup = 19BBC10727289A1C00190072 /* Products */;
			projectDirPath = "";
			projectRoot = "";
			targets = (
				19BBC10527289A1C00190072 /* planet_rotation */,
			);
		};
/* End PBXProject section */

/* Begin PBXSourcesBuildPhase section */
		19BBC10227289A1C00190072 /* Sources */ = {
			isa = PBXSourcesBuildPhase;
			buildActionMask = 2147483647;
			files = (
				19BBC11A27289ABA00190072 /* center_of_rotation.cpp in Sources */,
				1963A5B5272B165900779BE4 /* planets.cpp in Sources */,
			);
			runOnlyForDeploymentPostprocessing = 0;
		};
/* End PBXSourcesBuildPhase section */

/* Begin XCBuildConfiguration section */
		19BBC10B27289A1C00190072 /* Debug */ = {
			isa = XCBuildConfiguration;
			buildSettings = {
				ALWAYS_SEARCH_USER_PATHS = NO;
				CLANG_ANALYZER_NONNULL = YES;
				CLANG_ANALYZER_NUMBER_OBJECT_CONVERSION = YES_AGGRESSIVE;
				CLANG_CXX_LANGUAGE_STANDARD = "gnu++17";
				CLANG_CXX_LIBRARY = "libc++";
				CLANG_ENABLE_MODULES = YES;
				CLANG_ENABLE_OBJC_ARC = YES;
				CLANG_ENABLE_OBJC_WEAK = YES;
				CLANG_WARN_BLOCK_CAPTURE_AUTORELEASING = YES;
				CLANG_WARN_BOOL_CONVERSION = YES;
				CLANG_WARN_COMMA = YES;
				CLANG_WARN_CONSTANT_CONVERSION = YES;
				CLANG_WARN_DEPRECATED_OBJC_IMPLEMENTATIONS = YES;
				CLANG_WARN_DIRECT_OBJC_ISA_USAGE = YES_ERROR;
				CLANG_WARN_DOCUMENTATION_COMMENTS = YES;
				CLANG_WARN_EMPTY_BODY = YES;
				CLANG_WARN_ENUM_CONVERSION = YES;
				CLANG_WARN_INFINITE_RECURSION = YES;
				CLANG_WARN_INT_CONVERSION = YES;
				CLANG_WARN_NON_LITERAL_NULL_CONVERSION = YES;
				CLANG_WARN_OBJC_IMPLICIT_RETAIN_SELF = YES;
				CLANG_WARN_OBJC_LITERAL_CONVERSION = YES;
				CLANG_WARN_OBJC_ROOT_CLASS = YES_ERROR;
				CLANG_WARN_QUOTED_INCLUDE_IN_FRAMEWORK_HEADER = YES;
				CLANG_WARN_RANGE_LOOP_ANALYSIS = YES;
				CLANG_WARN_STRICT_PROTOTYPES = YES;
				CLANG_WARN_SUSPICIOUS_MOVE = YES;
				CLANG_WARN_UNGUARDED_AVAILABILITY = YES_AGGRESSIVE;
				CLANG_WARN_UNREACHABLE_CODE = YES;
				CLANG_WARN__DUPLICATE_METHOD_MATCH = YES;
				COPY_PHASE_STRIP = NO;
				DEBUG_INFORMATION_FORMAT = dwarf;
				ENABLE_STRICT_OBJC_MSGSEND = YES;
				ENABLE_TESTABILITY = YES;
				GCC_C_LANGUAGE_STANDARD = gnu11;
				GCC_DYNAMIC_NO_PIC = NO;
				GCC_NO_COMMON_BLOCKS = YES;
				GCC_OPTIMIZATION_LEVEL = 0;
				GCC_PREPROCESSOR_DEFINITIONS = (
					"DEBUG=1",
					"$(inherited)",
				);
				GCC_WARN_64_TO_32_BIT_CONVERSION = YES;
				GCC_WARN_ABOUT_RETURN_TYPE = YES_ERROR;
				GCC_WARN_UNDECLARED_SELECTOR = YES;
				GCC_WARN_UNINITIALIZED_AUTOS = YES_AGGRESSIVE;
				GCC_WARN_UNUSED_FUNCTION = YES;
				GCC_WARN_UNUSED_VARIABLE = YES;
				MACOSX_DEPLOYMENT_TARGET = 11.3;
				MTL_ENABLE_DEBUG_INFO = INCLUDE_SOURCE;
				MTL_FAST_MATH = YES;
				ONLY_ACTIVE_ARCH = YES;
				SDKROOT = macosx;
			};
			name = Debug;
		};
		19BBC10C27289A1C00190072 /* Release */ = {
			isa = XCBuildConfiguration;
			buildSettings = {
				ALWAYS_SEARCH_USER_PATHS = NO;
				CLANG_ANALYZER_NONNULL = YES;
				CLANG_ANALYZER_NUMBER_OBJECT_CONVERSION = YES_AGGRESSIVE;
				CLANG_CXX_LANGUAGE_STANDARD = "gnu++17";
				CLANG_CXX_LIBRARY = "libc++";
				CLANG_ENABLE_MODULES = YES;
				CLANG_ENABLE_OBJC_ARC = YES;
				CLANG_ENABLE_OBJC_WEAK = YES;
				CLANG_WARN_BLOCK_CAPTURE_AUTORELEASING = YES;
				CLANG_WARN_BOOL_CONVERSION = YES;
				CLANG_WARN_COMMA = YES;
				CLANG_WARN_CONSTANT_CONVERSION = YES;
				CLANG_WARN_DEPRECATED_OBJC_IMPLEMENTATIONS = YES;
				CLANG_WARN_DIRECT_OBJC_ISA_USAGE = YES_ERROR;
				CLANG_WARN_DOCUMENTATION_COMMENTS = YES;
				CLANG_WARN_EMPTY_BODY = YES;
				CLANG_WARN_ENUM_CONVERSION = YES;
				CLANG_WARN_INFINITE_RECURSION = YES;
				CLANG_WARN_INT_CONVERSION = YES;
				CLANG_WARN_NON_LITERAL_NULL_CONVERSION = YES;
				CLANG_WARN_OBJC_IMPLICIT_RETAIN_SELF = YES;
				CLANG_WARN_OBJC_LITERAL_CONVERSION = YES;
				CLANG_WARN_OBJC_ROOT_CLASS = YES_ERROR;
				CLANG_WARN_QUOTED_INCLUDE_IN_FRAMEWORK_HEADER = YES;
				CLANG_WARN_RANGE_LOOP_ANALYSIS = YES;
				CLANG_WARN_STRICT_PROTOTYPES = YES;
				CLANG_WARN_SUSPICIOUS_MOVE = YES;
				CLANG_WARN_UNGUARDED_AVAILABILITY = YES_AGGRESSIVE;
				CLANG_WARN_UNREACHABLE_CODE = YES;
				CLANG_WARN__DUPLICATE_METHOD_MATCH = YES;
				COPY_PHASE_STRIP = NO;
				DEBUG_INFORMATION_FORMAT = "dwarf-with-dsym";
				ENABLE_NS_ASSERTIONS = NO;
				ENABLE_STRICT_OBJC_MSGSEND = YES;
				GCC_C_LANGUAGE_STANDARD = gnu11;
				GCC_NO_COMMON_BLOCKS = YES;
				GCC_WARN_64_TO_32_BIT_CONVERSION = YES;
				GCC_WARN_ABOUT_RETURN_TYPE = YES_ERROR;
				GCC_WARN_UNDECLARED_SELECTOR = YES;
				GCC_WARN_UNINITIALIZED_AUTOS = YES_AGGRESSIVE;
				GCC_WARN_UNUSED_FUNCTION = YES;
				GCC_WARN_UNUSED_VARIABLE = YES;
				MACOSX_DEPLOYMENT_TARGET = 11.3;
				MTL_ENABLE_DEBUG_INFO = NO;
				MTL_FAST_MATH = YES;
				SDKROOT = macosx;
			};
			name = Release;
		};
		19BBC10E27289A1C00190072 /* Debug */ = {
			isa = XCBuildConfiguration;
			buildSettings = {
				CODE_SIGN_STYLE = Automatic;
				GCC_WARN_ABOUT_DEPRECATED_FUNCTIONS = NO;
				PRODUCT_NAME = "$(TARGET_NAME)";
			};
			name = Debug;
		};
		19BBC10F27289A1C00190072 /* Release */ = {
			isa = XCBuildConfiguration;
			buildSettings = {
				CODE_SIGN_STYLE = Automatic;
				GCC_WARN_ABOUT_DEPRECATED_FUNCTIONS = NO;
				PRODUCT_NAME = "$(TARGET_NAME)";
			};
			name = Release;
		};
/* End XCBuildConfiguration section */

/* Begin XCConfigurationList section */
		19BBC10127289A1C00190072 /* Build configuration list for PBXProject "planet_rotation" */ = {
			isa = XCConfigurationList;
			buildConfigurations = (
				19BBC10B27289A1C00190072 /* Debug */,
				19BBC10C27289A1C00190072 /* Release */,
			);
			defaultConfigurationIsVisible = 0;
			defaultConfigurationName = Release;
		};
		19BBC10D27289A1C00190072 /* Build configuration list for PBXNativeTarget "planet_rotation" */ = {
			isa = XCConfigurationList;
			buildConfigurations = (
				19BBC10E27289A1C00190072 /* Debug */,
				19BBC10F27289A1C00190072 /* Release */,
			);
			defaultConfigurationIsVisible = 0;
			defaultConfigurationName = Release;
		};
/* End XCConfigurationList section */
	};
	rootObject = 19BBC0FE27289A1C00190072 /* Project object */;
}
